
Microsoft Visual Studio Solution File, Format Version 12.00
# Visual Studio Version 16
VisualStudioVersion = 16.0.29728.190
MinimumVisualStudioVersion = 10.0.40219.1
Project("{FAE04EC0-301F-11D3-BF4B-00C04F79EFBC}") = "ThomasGregAPI.Web", "ThomasGregAPI.Web\ThomasGregAPI.Web.csproj", "{E1FF33AE-7E16-41E0-87ED-3055D0E01F3F}"
EndProject
Project("{FAE04EC0-301F-11D3-BF4B-00C04F79EFBC}") = "ThomasGregAPI.Services", "ThomasGregAPI.Services\ThomasGregAPI.Services.csproj", "{A347C225-C7B9-4712-97A5-18AC61EB5614}"
EndProject
Project("{FAE04EC0-301F-11D3-BF4B-00C04F79EFBC}") = "ThomasGregAPI.Util", "ThomasGregAPI.Util\ThomasGregAPI.Util.csproj", "{AE35DE83-CD98-42D8-B749-843E25E11EBD}"
EndProject
Project("{FAE04EC0-301F-11D3-BF4B-00C04F79EFBC}") = "ThomasGregAPI.Repository", "ThomasGregAPI.Repository\ThomasGregAPI.Repository.csproj", "{0EF4D593-27AF-4DC7-8DAD-13DCDE70B103}"
EndProject
Project("{FAE04EC0-301F-11D3-BF4B-00C04F79EFBC}") = "ThomasGregAPI.Model", "ThomasGregAPI.Model\ThomasGregAPI.Model.csproj", "{4A7584D0-5C21-44E0-9383-4AF81C11324C}"
EndProject
Global
	GlobalSection(SolutionConfigurationPlatforms) = preSolution
		Debug|Any CPU = Debug|Any CPU
		Release|Any CPU = Release|Any CPU
	EndGlobalSection
	GlobalSection(ProjectConfigurationPlatforms) = postSolution
		{E1FF33AE-7E16-41E0-87ED-3055D0E01F3F}.Debug|Any CPU.ActiveCfg = Debug|Any CPU
		{E1FF33AE-7E16-41E0-87ED-3055D0E01F3F}.Debug|Any CPU.Build.0 = Debug|Any CPU
		{E1FF33AE-7E16-41E0-87ED-3055D0E01F3F}.Release|Any CPU.ActiveCfg = Release|Any CPU
		{E1FF33AE-7E16-41E0-87ED-3055D0E01F3F}.Release|Any CPU.Build.0 = Release|Any CPU
		{A347C225-C7B9-4712-97A5-18AC61EB5614}.Debug|Any CPU.ActiveCfg = Debug|Any CPU
		{A347C225-C7B9-4712-97A5-18AC61EB5614}.Debug|Any CPU.Build.0 = Debug|Any CPU
		{A347C225-C7B9-4712-97A5-18AC61EB5614}.Release|Any CPU.ActiveCfg = Release|Any CPU
		{A347C225-C7B9-4712-97A5-18AC61EB5614}.Release|Any CPU.Build.0 = Release|Any CPU
		{AE35DE83-CD98-42D8-B749-843E25E11EBD}.Debug|Any CPU.ActiveCfg = Debug|Any CPU
		{AE35DE83-CD98-42D8-B749-843E25E11EBD}.Debug|Any CPU.Build.0 = Debug|Any CPU
		{AE35DE83-CD98-42D8-B749-843E25E11EBD}.Release|Any CPU.ActiveCfg = Release|Any CPU
		{AE35DE83-CD98-42D8-B749-843E25E11EBD}.Release|Any CPU.Build.0 = Release|Any CPU
		{0EF4D593-27AF-4DC7-8DAD-13DCDE70B103}.Debug|Any CPU.ActiveCfg = Debug|Any CPU
		{0EF4D593-27AF-4DC7-8DAD-13DCDE70B103}.Debug|Any CPU.Build.0 = Debug|Any CPU
		{0EF4D593-27AF-4DC7-8DAD-13DCDE70B103}.Release|Any CPU.ActiveCfg = Release|Any CPU
		{0EF4D593-27AF-4DC7-8DAD-13DCDE70B103}.Release|Any CPU.Build.0 = Release|Any CPU
		{4A7584D0-5C21-44E0-9383-4AF81C11324C}.Debug|Any CPU.ActiveCfg = Debug|Any CPU
		{4A7584D0-5C21-44E0-9383-4AF81C11324C}.Debug|Any CPU.Build.0 = Debug|Any CPU
		{4A7584D0-5C21-44E0-9383-4AF81C11324C}.Release|Any CPU.ActiveCfg = Release|Any CPU
		{4A7584D0-5C21-44E0-9383-4AF81C11324C}.Release|Any CPU.Build.0 = Release|Any CPU
	EndGlobalSection
	GlobalSection(SolutionProperties) = preSolution
		HideSolutionNode = FALSE
	EndGlobalSection
	GlobalSection(ExtensibilityGlobals) = postSolution
		SolutionGuid = {5B754415-D082-4773-8C18-6F8984C58D30}
	EndGlobalSection
EndGlobal
